github.com/cantara/bragi v0.4.1 h1:LuiMdV2IaImW/DmKK1bhVcTsolPEt458m834Vvz8jLA=
github.com/cantara/bragi v0.4.1/go.mod h1:UG6GZBNRGKiMkl2EwlKMQ1tWj2l/9bcXSIzG1b/jVC8=
github.com/cantara/bragi v0.5.4 h1:Tr0gZ01SwJYX1IvOAVErNY7Zc+bAFzarCde8WRqRxBE=
github.com/cantara/bragi v0.5.4/go.mod h1:UG6GZBNRGKiMkl2EwlKMQ1tWj2l/9bcXSIzG1b/jVC8=
github.com/cantara/bragi v0.7.2 h1:jKDxuRSessMqYUjIU+mKr9FQ5RwhUiIGVWK3FdbyTD4=
github.com/cantara/bragi v0.7.2/go.mod h1:btpJS4I5xGUohgnno50o8XD1qysPjozSrUzDjWr2W6Q=
github.com/davecgh/go-spew v1.1.0/go.mod h1:J7Y8YcW2NihsgmVo/mv3lAwl/skON4iLHjSsI+c5H38=
github.com/davecgh/go-spew v1.1.1/go.mod h1:J7Y8YcW2NihsgmVo/mv3lAwl/skON4iLHjSsI+c5H38=
github.com/go-logr/logr v0.1.0/go.mod h1:ixOQHD9gLJUVQQ2ZOR7zLEifBX6tGkNJF4QyIY7sIas=
github.com/joho/godotenv v1.4.0 h1:3l4+N6zfMWnkbPEXKng2o2/MR5mSwTrBih4ZEkkz1lg=
github.com/joho/godotenv v1.4.0/go.mod h1:f4LDr5Voq0i2e/R5DDNOoa2zzDfwtkZa6DnEwAbqwq4=
github.com/joho/godotenv v1.5.1 h1:7eLL/+HRGLY0ldzfGMeQkb7vMd0as4CfYvUVzLqw0N0=
github.com/joho/godotenv v1.5.1/go.mod h1:f4LDr5Voq0i2e/R5DDNOoa2zzDfwtkZa6DnEwAbqwq4=
github.com/pmezard/go-difflib v1.0.0/go.mod h1:iKH77koFhYxTK1pcRnkKkqfTogsbg7gZNVY4sRDYZ/4=
github.com/spf13/afero v1.2.2/go.mod h1:9ZxEEn6pIJ8Rxe320qSDBk6AsU0r9pR7Q4OcevTdifk=
github.com/stretchr/objx v0.1.0/go.mod h1:HFkY916IF+rwdDfMAkV7OtwuqBVzrE8GR6GFx+wExME=
github.com/stretchr/testify v1.3.0/go.mod h1:M5WIy9Dh21IEIfnGCwXGc5bZfKNJtfHm1UVUgZn+9EI=
golang.org/x/text v0.3.0/go.mod h1:NqM8EUOU14njkJ3fqMW+pc6Ldnwhi/IjpwHt7yyuwOQ=
k8s.io/klog/v2 v2.0.0/go.mod h1:PBfzABfn139FHAV07az/IF9Wp1bkk3vpT2XSJ76fSDE=
k8s.io/utils v0.0.0-20210930125809-cb0fa318a74b h1:wxEMGetGMur3J1xuGLQY7GEQYg9bZxKn3tKo5k/eYcs=
k8s.io/utils v0.0.0-20210930125809-cb0fa318a74b/go.mod h1:jPW/WVKK9YHAvNhRxK0md/EJ228hCsBRufyofKtW8HA=
k8s.io/utils v0.0.0-20211208161948-7d6a63dca704 h1:ZKMMxTvduyf5WUtREOqg5LiXaN1KO/+0oOQPRFrClpo=
k8s.io/utils v0.0.0-20211208161948-7d6a63dca704/go.mod h1:jPW/WVKK9YHAvNhRxK0md/EJ228hCsBRufyofKtW8HA=
k8s.io/utils v0.0.0-20220127004650-9b3446523e65 h1:ONWS0Wgdg5wRiQIAui7L/023aC9+IxrIrydY7l8llsE=
k8s.io/utils v0.0.0-20220127004650-9b3446523e65/go.mod h1:jPW/WVKK9YHAvNhRxK0md/EJ228hCsBRufyofKtW8HA=
k8s.io/utils v0.0.0-20220210201930-3a6ce19ff2f9 h1:HNSDgDCrr/6Ly3WEGKZftiE7IY19Vz2GdbOCyI4qqhc=
k8s.io/utils v0.0.0-20220210201930-3a6ce19ff2f9/go.mod h1:jPW/WVKK9YHAvNhRxK0md/EJ228hCsBRufyofKtW8HA=
