github.com/cantara/bragi v0.7.2 h1:jKDxuRSessMqYUjIU+mKr9FQ5RwhUiIGVWK3FdbyTD4=
github.com/cantara/bragi v0.7.2/go.mod h1:btpJS4I5xGUohgnno50o8XD1qysPjozSrUzDjWr2W6Q=
github.com/cantara/bragi v0.7.3 h1:qcxC6LBg/qx6AXfgshrfTfPYnNHy20y9xjt3m96Ia2g=
github.com/cantara/bragi v0.7.3/go.mod h1:btpJS4I5xGUohgnno50o8XD1qysPjozSrUzDjWr2W6Q=
github.com/cantara/bragi v0.7.4 h1:cxQ3JOb/iX7RB58vWoWvBs+KCcWwVD41SPpNYL5MPws=
github.com/cantara/bragi v0.7.4/go.mod h1:btpJS4I5xGUohgnno50o8XD1qysPjozSrUzDjWr2W6Q=
github.com/cantara/bragi v0.8.0 h1:0O3WyvJi7TrSIG49PXK6DoJwtQa+hrAPSfDSb5xPW+I=
github.com/cantara/bragi v0.8.0/go.mod h1:btpJS4I5xGUohgnno50o8XD1qysPjozSrUzDjWr2W6Q=
github.com/joho/godotenv v1.5.1 h1:7eLL/+HRGLY0ldzfGMeQkb7vMd0as4CfYvUVzLqw0N0=
github.com/joho/godotenv v1.5.1/go.mod h1:f4LDr5Voq0i2e/R5DDNOoa2zzDfwtkZa6DnEwAbqwq4=
k8s.io/utils v0.0.0-20230726121419-3b25d923346b h1:sgn3ZU783SCgtaSJjpcVVlRqd6GSnlTLKgpAAttJvpI=
k8s.io/utils v0.0.0-20230726121419-3b25d923346b/go.mod h1:OLgZIPagt7ERELqWJFomSt595RzquPNLL48iOWgYOg0=
k8s.io/utils v0.0.0-20240310230437-4693a0247e57 h1:gbqbevonBh57eILzModw6mrkbwM0gQBEuevE/AaBsHY=
k8s.io/utils v0.0.0-20240310230437-4693a0247e57/go.mod h1:OLgZIPagt7ERELqWJFomSt595RzquPNLL48iOWgYOg0=
k8s.io/utils v0.0.0-20240502163921-fe8a2dddb1d0 h1:jgGTlFYnhF1PM1Ax/lAlxUPE+KfCIXHaathvJg1C3ak=
k8s.io/utils v0.0.0-20240502163921-fe8a2dddb1d0/go.mod h1:OLgZIPagt7ERELqWJFomSt595RzquPNLL48iOWgYOg0=
k8s.io/utils v0.0.0-20240921022957-49e7df575cb6 h1:MDF6h2H/h4tbzmtIKTuctcwZmY0tY9mD9fNT47QO6HI=
k8s.io/utils v0.0.0-20240921022957-49e7df575cb6/go.mod h1:OLgZIPagt7ERELqWJFomSt595RzquPNLL48iOWgYOg0=
k8s.io/utils v0.0.0-20241104163129-6fe5fd82f078 h1:jGnCPejIetjiy2gqaJ5V0NLwTpF4wbQ6cZIItJCSHno=
k8s.io/utils v0.0.0-20241104163129-6fe5fd82f078/go.mod h1:OLgZIPagt7ERELqWJFomSt595RzquPNLL48iOWgYOg0=
k8s.io/utils v0.0.0-20241210054802-24370beab758 h1:sdbE21q2nlQtFh65saZY+rRM6x6aJJI8IUa1AmH/qa0=
k8s.io/utils v0.0.0-20241210054802-24370beab758/go.mod h1:OLgZIPagt7ERELqWJFomSt595RzquPNLL48iOWgYOg0=
k8s.io/utils v0.0.0-20250604170112-4c0f3b243397 h1:hwvWFiBzdWw1FhfY1FooPn3kzWuJ8tmbZBHi4zVsl1Y=
k8s.io/utils v0.0.0-20250604170112-4c0f3b243397/go.mod h1:OLgZIPagt7ERELqWJFomSt595RzquPNLL48iOWgYOg0=
k8s.io/utils v0.0.0-20260106112306-0fe9cd71b2f8 h1:oV4uULAC2QPIdMQwjMaNIwykyhWhnhBwX40yd5h9u3U=
k8s.io/utils v0.0.0-20260106112306-0fe9cd71b2f8/go.mod h1:xDxuJ0whA3d0I4mf/C4ppKHxXynQ+fxnkmQH0vTHnuk=
k8s.io/utils v0.0.0-20260108192941-914a6e750570 h1:JT4W8lsdrGENg9W+YwwdLJxklIuKWdRm+BC+xt33FOY=
k8s.io/utils v0.0.0-20260108192941-914a6e750570/go.mod h1:xDxuJ0whA3d0I4mf/C4ppKHxXynQ+fxnkmQH0vTHnuk=
