github.com/cantara/bragi v0.7.2 h1:jKDxuRSessMqYUjIU+mKr9FQ5RwhUiIGVWK3FdbyTD4=
github.com/cantara/bragi v0.7.2/go.mod h1:btpJS4I5xGUohgnno50o8XD1qysPjozSrUzDjWr2W6Q=
github.com/cantara/bragi v0.7.3 h1:qcxC6LBg/qx6AXfgshrfTfPYnNHy20y9xjt3m96Ia2g=
github.com/cantara/bragi v0.7.3/go.mod h1:btpJS4I5xGUohgnno50o8XD1qysPjozSrUzDjWr2W6Q=
github.com/cantara/bragi v0.7.4 h1:cxQ3JOb/iX7RB58vWoWvBs+KCcWwVD41SPpNYL5MPws=
github.com/cantara/bragi v0.7.4/go.mod h1:btpJS4I5xGUohgnno50o8XD1qysPjozSrUzDjWr2W6Q=
github.com/cantara/bragi v0.8.0 h1:0O3WyvJi7TrSIG49PXK6DoJwtQa+hrAPSfDSb5xPW+I=
github.com/cantara/bragi v0.8.0/go.mod h1:btpJS4I5xGUohgnno50o8XD1qysPjozSrUzDjWr2W6Q=
github.com/joho/godotenv v1.5.1 h1:7eLL/+HRGLY0ldzfGMeQkb7vMd0as4CfYvUVzLqw0N0=
github.com/joho/godotenv v1.5.1/go.mod h1:f4LDr5Voq0i2e/R5DDNOoa2zzDfwtkZa6DnEwAbqwq4=
k8s.io/utils v0.0.0-20230726121419-3b25d923346b h1:sgn3ZU783SCgtaSJjpcVVlRqd6GSnlTLKgpAAttJvpI=
k8s.io/utils v0.0.0-20230726121419-3b25d923346b/go.mod h1:OLgZIPagt7ERELqWJFomSt595RzquPNLL48iOWgYOg0=
k8s.io/utils v0.0.0-20240310230437-4693a0247e57 h1:gbqbevonBh57eILzModw6mrkbwM0gQBEuevE/AaBsHY=
k8s.io/utils v0.0.0-20240310230437-4693a0247e57/go.mod h1:OLgZIPagt7ERELqWJFomSt595RzquPNLL48iOWgYOg0=
k8s.io/utils v0.0.0-20240423183400-0849a56e8f22 h1:ao5hUqGhsqdm+bYbjH/pRkCs0unBGe9UyDahzs9zQzQ=
k8s.io/utils v0.0.0-20240423183400-0849a56e8f22/go.mod h1:OLgZIPagt7ERELqWJFomSt595RzquPNLL48iOWgYOg0=
